
Microsoft Visual Studio Solution File, Format Version 12.00
# Visual Studio Version 17
VisualStudioVersion = 17.1.32421.90
MinimumVisualStudioVersion = 10.0.40219.1
Project("{FAE04EC0-301F-11D3-BF4B-00C04F79EFBC}") = "cs_CrossAccess", "cs_CrossAccess.csproj", "{DFDEF430-FFD5-4B98-B43E-C3B405449FE1}"
EndProject
Global
	GlobalSection(SolutionConfigurationPlatforms) = preSolution
		Debug|Any CPU = Debug|Any CPU
		Release|Any CPU = Release|Any CPU
	EndGlobalSection
	GlobalSection(ProjectConfigurationPlatforms) = postSolution
		{DFDEF430-FFD5-4B98-B43E-C3B405449FE1}.Debug|Any CPU.ActiveCfg = Debug|Any CPU
		{DFDEF430-FFD5-4B98-B43E-C3B405449FE1}.Debug|Any CPU.Build.0 = Debug|Any CPU
		{DFDEF430-FFD5-4B98-B43E-C3B405449FE1}.Release|Any CPU.ActiveCfg = Release|Any CPU
		{DFDEF430-FFD5-4B98-B43E-C3B405449FE1}.Release|Any CPU.Build.0 = Release|Any CPU
	EndGlobalSection
	GlobalSection(SolutionProperties) = preSolution
		HideSolutionNode = FALSE
	EndGlobalSection
	GlobalSection(ExtensibilityGlobals) = postSolution
		SolutionGuid = {D6DE9988-DD0B-4CD0-9EDC-E9B2975F4CB6}
	EndGlobalSection
EndGlobal
